
Microsoft Visual Studio Solution File, Format Version 12.00
# Visual Studio Version 17
VisualStudioVersion = 17.2.32616.157
MinimumVisualStudioVersion = 10.0.40219.1
Project("{FAE04EC0-301F-11D3-BF4B-00C04F79EFBC}") = "batamon", "batamon\batamon.csproj", "{A50BEEF8-94DA-4CD1-8D7F-6A1F21DBF8D8}"
EndProject
Project("{FAE04EC0-301F-11D3-BF4B-00C04F79EFBC}") = "batamon test1", "batamon test1\batamon test1.csproj", "{19DBFCC0-F586-46C3-A929-40F5DBE79F3F}"
EndProject
Global
	GlobalSection(SolutionConfigurationPlatforms) = preSolution
		Debug|Any CPU = Debug|Any CPU
		Release|Any CPU = Release|Any CPU
	EndGlobalSection
	GlobalSection(ProjectConfigurationPlatforms) = postSolution
		{A50BEEF8-94DA-4CD1-8D7F-6A1F21DBF8D8}.Debug|Any CPU.ActiveCfg = Debug|Any CPU
		{A50BEEF8-94DA-4CD1-8D7F-6A1F21DBF8D8}.Debug|Any CPU.Build.0 = Debug|Any CPU
		{A50BEEF8-94DA-4CD1-8D7F-6A1F21DBF8D8}.Release|Any CPU.ActiveCfg = Release|Any CPU
		{A50BEEF8-94DA-4CD1-8D7F-6A1F21DBF8D8}.Release|Any CPU.Build.0 = Release|Any CPU
		{19DBFCC0-F586-46C3-A929-40F5DBE79F3F}.Debug|Any CPU.ActiveCfg = Debug|Any CPU
		{19DBFCC0-F586-46C3-A929-40F5DBE79F3F}.Debug|Any CPU.Build.0 = Debug|Any CPU
		{19DBFCC0-F586-46C3-A929-40F5DBE79F3F}.Release|Any CPU.ActiveCfg = Release|Any CPU
		{19DBFCC0-F586-46C3-A929-40F5DBE79F3F}.Release|Any CPU.Build.0 = Release|Any CPU
	EndGlobalSection
	GlobalSection(SolutionProperties) = preSolution
		HideSolutionNode = FALSE
	EndGlobalSection
	GlobalSection(ExtensibilityGlobals) = postSolution
		SolutionGuid = {C8DBF8D1-9BCC-4D5E-B581-5F8BEE1CB5EA}
	EndGlobalSection
EndGlobal
